
Microsoft Visual Studio Solution File, Format Version 12.00
# Visual Studio 2013
VisualStudioVersion = 12.0.30501.0
MinimumVisualStudioVersion = 10.0.40219.1
Project("{FAE04EC0-301F-11D3-BF4B-00C04F79EFBC}") = "App1", "App1\App1\App1.csproj", "{39240815-4C9E-4DAD-83A5-E10916F300BD}"
EndProject
Project("{FAE04EC0-301F-11D3-BF4B-00C04F79EFBC}") = "App1.iOS", "App1\App1.iOS\App1.iOS.csproj", "{9EA24D6B-BED1-4F63-AE3B-74313B69C88C}"
EndProject
Project("{FAE04EC0-301F-11D3-BF4B-00C04F79EFBC}") = "App1.Android", "App1\App1.Android\App1.Android.csproj", "{29DF5F8C-EDF6-44CA-A877-FEF6AE70D7D1}"
EndProject
Project("{FAE04EC0-301F-11D3-BF4B-00C04F79EFBC}") = "App1.WinPhone", "App1\App1.WinPhone\App1.WinPhone.csproj", "{293EF51F-C0FB-41C0-B077-12B580E520FC}"
EndProject
Global
	GlobalSection(SolutionConfigurationPlatforms) = preSolution
		Ad-Hoc|Any CPU = Ad-Hoc|Any CPU
		Ad-Hoc|ARM = Ad-Hoc|ARM
		Ad-Hoc|iPhone = Ad-Hoc|iPhone
		Ad-Hoc|iPhoneSimulator = Ad-Hoc|iPhoneSimulator
		Ad-Hoc|Mixed Platforms = Ad-Hoc|Mixed Platforms
		Ad-Hoc|x86 = Ad-Hoc|x86
		AppStore|Any CPU = AppStore|Any CPU
		AppStore|ARM = AppStore|ARM
		AppStore|iPhone = AppStore|iPhone
		AppStore|iPhoneSimulator = AppStore|iPhoneSimulator
		AppStore|Mixed Platforms = AppStore|Mixed Platforms
		AppStore|x86 = AppStore|x86
		Debug|Any CPU = Debug|Any CPU
		Debug|ARM = Debug|ARM
		Debug|iPhone = Debug|iPhone
		Debug|iPhoneSimulator = Debug|iPhoneSimulator
		Debug|Mixed Platforms = Debug|Mixed Platforms
		Debug|x86 = Debug|x86
		Release|Any CPU = Release|Any CPU
		Release|ARM = Release|ARM
		Release|iPhone = Release|iPhone
		Release|iPhoneSimulator = Release|iPhoneSimulator
		Release|Mixed Platforms = Release|Mixed Platforms
		Release|x86 = Release|x86
	EndGlobalSection
	GlobalSection(ProjectConfigurationPlatforms) = postSolution
		{39240815-4C9E-4DAD-83A5-E10916F300BD}.Ad-Hoc|Any CPU.ActiveCfg = Release|Any CPU
		{39240815-4C9E-4DAD-83A5-E10916F300BD}.Ad-Hoc|Any CPU.Build.0 = Release|Any CPU
		{39240815-4C9E-4DAD-83A5-E10916F300BD}.Ad-Hoc|ARM.ActiveCfg = Release|Any CPU
		{39240815-4C9E-4DAD-83A5-E10916F300BD}.Ad-Hoc|iPhone.ActiveCfg = Release|Any CPU
		{39240815-4C9E-4DAD-83A5-E10916F300BD}.Ad-Hoc|iPhoneSimulator.ActiveCfg = Release|Any CPU
		{39240815-4C9E-4DAD-83A5-E10916F300BD}.Ad-Hoc|Mixed Platforms.ActiveCfg = Release|Any CPU
		{39240815-4C9E-4DAD-83A5-E10916F300BD}.Ad-Hoc|Mixed Platforms.Build.0 = Release|Any CPU
		{39240815-4C9E-4DAD-83A5-E10916F300BD}.Ad-Hoc|x86.ActiveCfg = Release|Any CPU
		{39240815-4C9E-4DAD-83A5-E10916F300BD}.AppStore|Any CPU.ActiveCfg = Release|Any CPU
		{39240815-4C9E-4DAD-83A5-E10916F300BD}.AppStore|Any CPU.Build.0 = Release|Any CPU
		{39240815-4C9E-4DAD-83A5-E10916F300BD}.AppStore|ARM.ActiveCfg = Release|Any CPU
		{39240815-4C9E-4DAD-83A5-E10916F300BD}.AppStore|iPhone.ActiveCfg = Release|Any CPU
		{39240815-4C9E-4DAD-83A5-E10916F300BD}.AppStore|iPhoneSimulator.ActiveCfg = Release|Any CPU
		{39240815-4C9E-4DAD-83A5-E10916F300BD}.AppStore|Mixed Platforms.ActiveCfg = Release|Any CPU
		{39240815-4C9E-4DAD-83A5-E10916F300BD}.AppStore|Mixed Platforms.Build.0 = Release|Any CPU
		{39240815-4C9E-4DAD-83A5-E10916F300BD}.AppStore|x86.ActiveCfg = Release|Any CPU
		{39240815-4C9E-4DAD-83A5-E10916F300BD}.Debug|Any CPU.ActiveCfg = Debug|Any CPU
		{39240815-4C9E-4DAD-83A5-E10916F300BD}.Debug|Any CPU.Build.0 = Debug|Any CPU
		{39240815-4C9E-4DAD-83A5-E10916F300BD}.Debug|ARM.ActiveCfg = Debug|Any CPU
		{39240815-4C9E-4DAD-83A5-E10916F300BD}.Debug|iPhone.ActiveCfg = Debug|Any CPU
		{39240815-4C9E-4DAD-83A5-E10916F300BD}.Debug|iPhoneSimulator.ActiveCfg = Debug|Any CPU
		{39240815-4C9E-4DAD-83A5-E10916F300BD}.Debug|iPhoneSimulator.Build.0 = Debug|Any CPU
		{39240815-4C9E-4DAD-83A5-E10916F300BD}.Debug|Mixed Platforms.ActiveCfg = Debug|Any CPU
		{39240815-4C9E-4DAD-83A5-E10916F300BD}.Debug|Mixed Platforms.Build.0 = Debug|Any CPU
		{39240815-4C9E-4DAD-83A5-E10916F300BD}.Debug|x86.ActiveCfg = Debug|Any CPU
		{39240815-4C9E-4DAD-83A5-E10916F300BD}.Release|Any CPU.ActiveCfg = Release|Any CPU
		{39240815-4C9E-4DAD-83A5-E10916F300BD}.Release|Any CPU.Build.0 = Release|Any CPU
		{39240815-4C9E-4DAD-83A5-E10916F300BD}.Release|ARM.ActiveCfg = Release|Any CPU
		{39240815-4C9E-4DAD-83A5-E10916F300BD}.Release|iPhone.ActiveCfg = Release|Any CPU
		{39240815-4C9E-4DAD-83A5-E10916F300BD}.Release|iPhoneSimulator.ActiveCfg = Release|Any CPU
		{39240815-4C9E-4DAD-83A5-E10916F300BD}.Release|Mixed Platforms.ActiveCfg = Release|Any CPU
		{39240815-4C9E-4DAD-83A5-E10916F300BD}.Release|Mixed Platforms.Build.0 = Release|Any CPU
		{39240815-4C9E-4DAD-83A5-E10916F300BD}.Release|x86.ActiveCfg = Release|Any CPU
		{9EA24D6B-BED1-4F63-AE3B-74313B69C88C}.Ad-Hoc|Any CPU.ActiveCfg = Ad-Hoc|iPhone
		{9EA24D6B-BED1-4F63-AE3B-74313B69C88C}.Ad-Hoc|ARM.ActiveCfg = Ad-Hoc|iPhone
		{9EA24D6B-BED1-4F63-AE3B-74313B69C88C}.Ad-Hoc|iPhone.ActiveCfg = Ad-Hoc|iPhone
		{9EA24D6B-BED1-4F63-AE3B-74313B69C88C}.Ad-Hoc|iPhone.Build.0 = Ad-Hoc|iPhone
		{9EA24D6B-BED1-4F63-AE3B-74313B69C88C}.Ad-Hoc|iPhone.Deploy.0 = Ad-Hoc|iPhone
		{9EA24D6B-BED1-4F63-AE3B-74313B69C88C}.Ad-Hoc|iPhoneSimulator.ActiveCfg = Ad-Hoc|iPhoneSimulator
		{9EA24D6B-BED1-4F63-AE3B-74313B69C88C}.Ad-Hoc|iPhoneSimulator.Build.0 = Ad-Hoc|iPhoneSimulator
		{9EA24D6B-BED1-4F63-AE3B-74313B69C88C}.Ad-Hoc|iPhoneSimulator.Deploy.0 = Ad-Hoc|iPhoneSimulator
		{9EA24D6B-BED1-4F63-AE3B-74313B69C88C}.Ad-Hoc|Mixed Platforms.ActiveCfg = Ad-Hoc|iPhone
		{9EA24D6B-BED1-4F63-AE3B-74313B69C88C}.Ad-Hoc|Mixed Platforms.Build.0 = Ad-Hoc|iPhone
		{9EA24D6B-BED1-4F63-AE3B-74313B69C88C}.Ad-Hoc|Mixed Platforms.Deploy.0 = Ad-Hoc|iPhone
		{9EA24D6B-BED1-4F63-AE3B-74313B69C88C}.Ad-Hoc|x86.ActiveCfg = Ad-Hoc|iPhone
		{9EA24D6B-BED1-4F63-AE3B-74313B69C88C}.AppStore|Any CPU.ActiveCfg = AppStore|iPhone
		{9EA24D6B-BED1-4F63-AE3B-74313B69C88C}.AppStore|ARM.ActiveCfg = AppStore|iPhone
		{9EA24D6B-BED1-4F63-AE3B-74313B69C88C}.AppStore|iPhone.ActiveCfg = AppStore|iPhone
		{9EA24D6B-BED1-4F63-AE3B-74313B69C88C}.AppStore|iPhone.Build.0 = AppStore|iPhone
		{9EA24D6B-BED1-4F63-AE3B-74313B69C88C}.AppStore|iPhone.Deploy.0 = AppStore|iPhone
		{9EA24D6B-BED1-4F63-AE3B-74313B69C88C}.AppStore|iPhoneSimulator.ActiveCfg = AppStore|iPhoneSimulator
		{9EA24D6B-BED1-4F63-AE3B-74313B69C88C}.AppStore|iPhoneSimulator.Build.0 = AppStore|iPhoneSimulator
		{9EA24D6B-BED1-4F63-AE3B-74313B69C88C}.AppStore|iPhoneSimulator.Deploy.0 = AppStore|iPhoneSimulator
		{9EA24D6B-BED1-4F63-AE3B-74313B69C88C}.AppStore|Mixed Platforms.ActiveCfg = AppStore|iPhone
		{9EA24D6B-BED1-4F63-AE3B-74313B69C88C}.AppStore|Mixed Platforms.Build.0 = AppStore|iPhone
		{9EA24D6B-BED1-4F63-AE3B-74313B69C88C}.AppStore|Mixed Platforms.Deploy.0 = AppStore|iPhone
		{9EA24D6B-BED1-4F63-AE3B-74313B69C88C}.AppStore|x86.ActiveCfg = AppStore|iPhone
		{9EA24D6B-BED1-4F63-AE3B-74313B69C88C}.Debug|Any CPU.ActiveCfg = Debug|iPhone
		{9EA24D6B-BED1-4F63-AE3B-74313B69C88C}.Debug|ARM.ActiveCfg = Debug|iPhone
		{9EA24D6B-BED1-4F63-AE3B-74313B69C88C}.Debug|iPhone.ActiveCfg = Debug|iPhone
		{9EA24D6B-BED1-4F63-AE3B-74313B69C88C}.Debug|iPhone.Build.0 = Debug|iPhone
		{9EA24D6B-BED1-4F63-AE3B-74313B69C88C}.Debug|iPhone.Deploy.0 = Debug|iPhone
		{9EA24D6B-BED1-4F63-AE3B-74313B69C88C}.Debug|iPhoneSimulator.ActiveCfg = Debug|iPhoneSimulator
		{9EA24D6B-BED1-4F63-AE3B-74313B69C88C}.Debug|iPhoneSimulator.Build.0 = Debug|iPhoneSimulator
		{9EA24D6B-BED1-4F63-AE3B-74313B69C88C}.Debug|iPhoneSimulator.Deploy.0 = Debug|iPhoneSimulator
		{9EA24D6B-BED1-4F63-AE3B-74313B69C88C}.Debug|Mixed Platforms.ActiveCfg = Debug|iPhone
		{9EA24D6B-BED1-4F63-AE3B-74313B69C88C}.Debug|Mixed Platforms.Build.0 = Debug|iPhone
		{9EA24D6B-BED1-4F63-AE3B-74313B69C88C}.Debug|Mixed Platforms.Deploy.0 = Debug|iPhone
		{9EA24D6B-BED1-4F63-AE3B-74313B69C88C}.Debug|x86.ActiveCfg = Debug|iPhone
		{9EA24D6B-BED1-4F63-AE3B-74313B69C88C}.Release|Any CPU.ActiveCfg = Release|iPhone
		{9EA24D6B-BED1-4F63-AE3B-74313B69C88C}.Release|ARM.ActiveCfg = Release|iPhone
		{9EA24D6B-BED1-4F63-AE3B-74313B69C88C}.Release|iPhone.ActiveCfg = Release|iPhone
		{9EA24D6B-BED1-4F63-AE3B-74313B69C88C}.Release|iPhone.Build.0 = Release|iPhone
		{9EA24D6B-BED1-4F63-AE3B-74313B69C88C}.Release|iPhone.Deploy.0 = Release|iPhone
		{9EA24D6B-BED1-4F63-AE3B-74313B69C88C}.Release|iPhoneSimulator.ActiveCfg = Release|iPhoneSimulator
		{9EA24D6B-BED1-4F63-AE3B-74313B69C88C}.Release|iPhoneSimulator.Build.0 = Release|iPhoneSimulator
		{9EA24D6B-BED1-4F63-AE3B-74313B69C88C}.Release|iPhoneSimulator.Deploy.0 = Release|iPhoneSimulator
		{9EA24D6B-BED1-4F63-AE3B-74313B69C88C}.Release|Mixed Platforms.ActiveCfg = Release|iPhone
		{9EA24D6B-BED1-4F63-AE3B-74313B69C88C}.Release|Mixed Platforms.Build.0 = Release|iPhone
		{9EA24D6B-BED1-4F63-AE3B-74313B69C88C}.Release|Mixed Platforms.Deploy.0 = Release|iPhone
		{9EA24D6B-BED1-4F63-AE3B-74313B69C88C}.Release|x86.ActiveCfg = Release|iPhone
		{29DF5F8C-EDF6-44CA-A877-FEF6AE70D7D1}.Ad-Hoc|Any CPU.ActiveCfg = Release|Any CPU
		{29DF5F8C-EDF6-44CA-A877-FEF6AE70D7D1}.Ad-Hoc|Any CPU.Build.0 = Release|Any CPU
		{29DF5F8C-EDF6-44CA-A877-FEF6AE70D7D1}.Ad-Hoc|Any CPU.Deploy.0 = Release|Any CPU
		{29DF5F8C-EDF6-44CA-A877-FEF6AE70D7D1}.Ad-Hoc|ARM.ActiveCfg = Release|Any CPU
		{29DF5F8C-EDF6-44CA-A877-FEF6AE70D7D1}.Ad-Hoc|iPhone.ActiveCfg = Release|Any CPU
		{29DF5F8C-EDF6-44CA-A877-FEF6AE70D7D1}.Ad-Hoc|iPhoneSimulator.ActiveCfg = Release|Any CPU
		{29DF5F8C-EDF6-44CA-A877-FEF6AE70D7D1}.Ad-Hoc|Mixed Platforms.ActiveCfg = Release|Any CPU
		{29DF5F8C-EDF6-44CA-A877-FEF6AE70D7D1}.Ad-Hoc|Mixed Platforms.Build.0 = Release|Any CPU
		{29DF5F8C-EDF6-44CA-A877-FEF6AE70D7D1}.Ad-Hoc|Mixed Platforms.Deploy.0 = Release|Any CPU
		{29DF5F8C-EDF6-44CA-A877-FEF6AE70D7D1}.Ad-Hoc|x86.ActiveCfg = Release|Any CPU
		{29DF5F8C-EDF6-44CA-A877-FEF6AE70D7D1}.AppStore|Any CPU.ActiveCfg = Release|Any CPU
		{29DF5F8C-EDF6-44CA-A877-FEF6AE70D7D1}.AppStore|Any CPU.Build.0 = Release|Any CPU
		{29DF5F8C-EDF6-44CA-A877-FEF6AE70D7D1}.AppStore|Any CPU.Deploy.0 = Release|Any CPU
		{29DF5F8C-EDF6-44CA-A877-FEF6AE70D7D1}.AppStore|ARM.ActiveCfg = Release|Any CPU
		{29DF5F8C-EDF6-44CA-A877-FEF6AE70D7D1}.AppStore|iPhone.ActiveCfg = Release|Any CPU
		{29DF5F8C-EDF6-44CA-A877-FEF6AE70D7D1}.AppStore|iPhoneSimulator.ActiveCfg = Release|Any CPU
		{29DF5F8C-EDF6-44CA-A877-FEF6AE70D7D1}.AppStore|Mixed Platforms.ActiveCfg = Release|Any CPU
		{29DF5F8C-EDF6-44CA-A877-FEF6AE70D7D1}.AppStore|Mixed Platforms.Build.0 = Release|Any CPU
		{29DF5F8C-EDF6-44CA-A877-FEF6AE70D7D1}.AppStore|Mixed Platforms.Deploy.0 = Release|Any CPU
		{29DF5F8C-EDF6-44CA-A877-FEF6AE70D7D1}.AppStore|x86.ActiveCfg = Release|Any CPU
		{29DF5F8C-EDF6-44CA-A877-FEF6AE70D7D1}.Debug|Any CPU.ActiveCfg = Debug|Any CPU
		{29DF5F8C-EDF6-44CA-A877-FEF6AE70D7D1}.Debug|Any CPU.Build.0 = Debug|Any CPU
		{29DF5F8C-EDF6-44CA-A877-FEF6AE70D7D1}.Debug|Any CPU.Deploy.0 = Debug|Any CPU
		{29DF5F8C-EDF6-44CA-A877-FEF6AE70D7D1}.Debug|ARM.ActiveCfg = Debug|Any CPU
		{29DF5F8C-EDF6-44CA-A877-FEF6AE70D7D1}.Debug|iPhone.ActiveCfg = Debug|Any CPU
		{29DF5F8C-EDF6-44CA-A877-FEF6AE70D7D1}.Debug|iPhoneSimulator.ActiveCfg = Debug|Any CPU
		{29DF5F8C-EDF6-44CA-A877-FEF6AE70D7D1}.Debug|iPhoneSimulator.Build.0 = Debug|Any CPU
		{29DF5F8C-EDF6-44CA-A877-FEF6AE70D7D1}.Debug|iPhoneSimulator.Deploy.0 = Debug|Any CPU
		{29DF5F8C-EDF6-44CA-A877-FEF6AE70D7D1}.Debug|Mixed Platforms.ActiveCfg = Debug|Any CPU
		{29DF5F8C-EDF6-44CA-A877-FEF6AE70D7D1}.Debug|Mixed Platforms.Build.0 = Debug|Any CPU
		{29DF5F8C-EDF6-44CA-A877-FEF6AE70D7D1}.Debug|Mixed Platforms.Deploy.0 = Debug|Any CPU
		{29DF5F8C-EDF6-44CA-A877-FEF6AE70D7D1}.Debug|x86.ActiveCfg = Debug|Any CPU
		{29DF5F8C-EDF6-44CA-A877-FEF6AE70D7D1}.Release|Any CPU.ActiveCfg = Release|Any CPU
		{29DF5F8C-EDF6-44CA-A877-FEF6AE70D7D1}.Release|Any CPU.Build.0 = Release|Any CPU
		{29DF5F8C-EDF6-44CA-A877-FEF6AE70D7D1}.Release|Any CPU.Deploy.0 = Release|Any CPU
		{29DF5F8C-EDF6-44CA-A877-FEF6AE70D7D1}.Release|ARM.ActiveCfg = Release|Any CPU
		{29DF5F8C-EDF6-44CA-A877-FEF6AE70D7D1}.Release|iPhone.ActiveCfg = Release|Any CPU
		{29DF5F8C-EDF6-44CA-A877-FEF6AE70D7D1}.Release|iPhoneSimulator.ActiveCfg = Release|Any CPU
		{29DF5F8C-EDF6-44CA-A877-FEF6AE70D7D1}.Release|Mixed Platforms.ActiveCfg = Release|Any CPU
		{29DF5F8C-EDF6-44CA-A877-FEF6AE70D7D1}.Release|Mixed Platforms.Build.0 = Release|Any CPU
		{29DF5F8C-EDF6-44CA-A877-FEF6AE70D7D1}.Release|Mixed Platforms.Deploy.0 = Release|Any CPU
		{29DF5F8C-EDF6-44CA-A877-FEF6AE70D7D1}.Release|x86.ActiveCfg = Release|Any CPU
		{293EF51F-C0FB-41C0-B077-12B580E520FC}.Ad-Hoc|Any CPU.ActiveCfg = Release|Any CPU
		{293EF51F-C0FB-41C0-B077-12B580E520FC}.Ad-Hoc|Any CPU.Build.0 = Release|Any CPU
		{293EF51F-C0FB-41C0-B077-12B580E520FC}.Ad-Hoc|Any CPU.Deploy.0 = Release|Any CPU
		{293EF51F-C0FB-41C0-B077-12B580E520FC}.Ad-Hoc|ARM.ActiveCfg = Release|ARM
		{293EF51F-C0FB-41C0-B077-12B580E520FC}.Ad-Hoc|ARM.Build.0 = Release|ARM
		{293EF51F-C0FB-41C0-B077-12B580E520FC}.Ad-Hoc|ARM.Deploy.0 = Release|ARM
		{293EF51F-C0FB-41C0-B077-12B580E520FC}.Ad-Hoc|iPhone.ActiveCfg = Release|Any CPU
		{293EF51F-C0FB-41C0-B077-12B580E520FC}.Ad-Hoc|iPhoneSimulator.ActiveCfg = Release|Any CPU
		{293EF51F-C0FB-41C0-B077-12B580E520FC}.Ad-Hoc|Mixed Platforms.ActiveCfg = Release|x86
		{293EF51F-C0FB-41C0-B077-12B580E520FC}.Ad-Hoc|Mixed Platforms.Build.0 = Release|x86
		{293EF51F-C0FB-41C0-B077-12B580E520FC}.Ad-Hoc|Mixed Platforms.Deploy.0 = Release|x86
		{293EF51F-C0FB-41C0-B077-12B580E520FC}.Ad-Hoc|x86.ActiveCfg = Release|x86
		{293EF51F-C0FB-41C0-B077-12B580E520FC}.Ad-Hoc|x86.Build.0 = Release|x86
		{293EF51F-C0FB-41C0-B077-12B580E520FC}.Ad-Hoc|x86.Deploy.0 = Release|x86
		{293EF51F-C0FB-41C0-B077-12B580E520FC}.AppStore|Any CPU.ActiveCfg = Release|Any CPU
		{293EF51F-C0FB-41C0-B077-12B580E520FC}.AppStore|Any CPU.Build.0 = Release|Any CPU
		{293EF51F-C0FB-41C0-B077-12B580E520FC}.AppStore|Any CPU.Deploy.0 = Release|Any CPU
		{293EF51F-C0FB-41C0-B077-12B580E520FC}.AppStore|ARM.ActiveCfg = Release|ARM
		{293EF51F-C0FB-41C0-B077-12B580E520FC}.AppStore|ARM.Build.0 = Release|ARM
		{293EF51F-C0FB-41C0-B077-12B580E520FC}.AppStore|ARM.Deploy.0 = Release|ARM
		{293EF51F-C0FB-41C0-B077-12B580E520FC}.AppStore|iPhone.ActiveCfg = Release|Any CPU
		{293EF51F-C0FB-41C0-B077-12B580E520FC}.AppStore|iPhoneSimulator.ActiveCfg = Release|Any CPU
		{293EF51F-C0FB-41C0-B077-12B580E520FC}.AppStore|Mixed Platforms.ActiveCfg = Release|x86
		{293EF51F-C0FB-41C0-B077-12B580E520FC}.AppStore|Mixed Platforms.Build.0 = Release|x86
		{293EF51F-C0FB-41C0-B077-12B580E520FC}.AppStore|Mixed Platforms.Deploy.0 = Release|x86
		{293EF51F-C0FB-41C0-B077-12B580E520FC}.AppStore|x86.ActiveCfg = Release|x86
		{293EF51F-C0FB-41C0-B077-12B580E520FC}.AppStore|x86.Build.0 = Release|x86
		{293EF51F-C0FB-41C0-B077-12B580E520FC}.AppStore|x86.Deploy.0 = Release|x86
		{293EF51F-C0FB-41C0-B077-12B580E520FC}.Debug|Any CPU.ActiveCfg = Debug|Any CPU
		{293EF51F-C0FB-41C0-B077-12B580E520FC}.Debug|Any CPU.Build.0 = Debug|Any CPU
		{293EF51F-C0FB-41C0-B077-12B580E520FC}.Debug|Any CPU.Deploy.0 = Debug|Any CPU
		{293EF51F-C0FB-41C0-B077-12B580E520FC}.Debug|ARM.ActiveCfg = Debug|ARM
		{293EF51F-C0FB-41C0-B077-12B580E520FC}.Debug|ARM.Build.0 = Debug|ARM
		{293EF51F-C0FB-41C0-B077-12B580E520FC}.Debug|ARM.Deploy.0 = Debug|ARM
		{293EF51F-C0FB-41C0-B077-12B580E520FC}.Debug|iPhone.ActiveCfg = Debug|Any CPU
		{293EF51F-C0FB-41C0-B077-12B580E520FC}.Debug|iPhoneSimulator.ActiveCfg = Debug|Any CPU
		{293EF51F-C0FB-41C0-B077-12B580E520FC}.Debug|iPhoneSimulator.Build.0 = Debug|Any CPU
		{293EF51F-C0FB-41C0-B077-12B580E520FC}.Debug|iPhoneSimulator.Deploy.0 = Debug|Any CPU
		{293EF51F-C0FB-41C0-B077-12B580E520FC}.Debug|Mixed Platforms.ActiveCfg = Debug|x86
		{293EF51F-C0FB-41C0-B077-12B580E520FC}.Debug|Mixed Platforms.Build.0 = Debug|x86
		{293EF51F-C0FB-41C0-B077-12B580E520FC}.Debug|Mixed Platforms.Deploy.0 = Debug|x86
		{293EF51F-C0FB-41C0-B077-12B580E520FC}.Debug|x86.ActiveCfg = Debug|x86
		{293EF51F-C0FB-41C0-B077-12B580E520FC}.Debug|x86.Build.0 = Debug|x86
		{293EF51F-C0FB-41C0-B077-12B580E520FC}.Debug|x86.Deploy.0 = Debug|x86
		{293EF51F-C0FB-41C0-B077-12B580E520FC}.Release|Any CPU.ActiveCfg = Release|Any CPU
		{293EF51F-C0FB-41C0-B077-12B580E520FC}.Release|Any CPU.Build.0 = Release|Any CPU
		{293EF51F-C0FB-41C0-B077-12B580E520FC}.Release|Any CPU.Deploy.0 = Release|Any CPU
		{293EF51F-C0FB-41C0-B077-12B580E520FC}.Release|ARM.ActiveCfg = Release|ARM
		{293EF51F-C0FB-41C0-B077-12B580E520FC}.Release|ARM.Build.0 = Release|ARM
		{293EF51F-C0FB-41C0-B077-12B580E520FC}.Release|ARM.Deploy.0 = Release|ARM
		{293EF51F-C0FB-41C0-B077-12B580E520FC}.Release|iPhone.ActiveCfg = Release|Any CPU
		{293EF51F-C0FB-41C0-B077-12B580E520FC}.Release|iPhoneSimulator.ActiveCfg = Release|Any CPU
		{293EF51F-C0FB-41C0-B077-12B580E520FC}.Release|Mixed Platforms.ActiveCfg = Release|x86
		{293EF51F-C0FB-41C0-B077-12B580E520FC}.Release|Mixed Platforms.Build.0 = Release|x86
		{293EF51F-C0FB-41C0-B077-12B580E520FC}.Release|Mixed Platforms.Deploy.0 = Release|x86
		{293EF51F-C0FB-41C0-B077-12B580E520FC}.Release|x86.ActiveCfg = Release|x86
		{293EF51F-C0FB-41C0-B077-12B580E520FC}.Release|x86.Build.0 = Release|x86
		{293EF51F-C0FB-41C0-B077-12B580E520FC}.Release|x86.Deploy.0 = Release|x86
	EndGlobalSection
	GlobalSection(SolutionProperties) = preSolution
		HideSolutionNode = FALSE
	EndGlobalSection
EndGlobal
